// !$*UTF8*$!
{
	archiveVersion = 1;
	classes = {
	};
	objectVersion = 46;
	objects = {

/* Begin PBXBuildFile section */
		CD3105091E393C2800264C5B /* main.cpp in Sources */ = {isa = PBXBuildFile; fileRef = CD3105081E393C2800264C5B /* main.cpp */; };
		CD3105191E393D1900264C5B /* LeafNode.cpp in Sources */ = {isa = PBXBuildFile; fileRef = CD3105101E393D1900264C5B /* LeafNode.cpp */; };
		CD31051A1E393D1900264C5B /* InternalNode.cpp in Sources */ = {isa = PBXBuildFile; fileRef = CD3105121E393D1900264C5B /* InternalNode.cpp */; };
		CD31051B1E393D1900264C5B /* BTreeNode.cpp in Sources */ = {isa = PBXBuildFile; fileRef = CD3105151E393D1900264C5B /* BTreeNode.cpp */; };
		CD31051D1E393D1900264C5B /* BTree.cpp in Sources */ = {isa = PBXBuildFile; fileRef = CD3105181E393D1900264C5B /* BTree.cpp */; };
/* End PBXBuildFile section */

/* Begin PBXCopyFilesBuildPhase section */
		CD3105031E393C2800264C5B /* CopyFiles */ = {
			isa = PBXCopyFilesBuildPhase;
			buildActionMask = 2147483647;
			dstPath = /usr/share/man/man1/;
			dstSubfolderSpec = 0;
			files = (
			);
			runOnlyForDeploymentPostprocessing = 1;
		};
/* End PBXCopyFilesBuildPhase section */

/* Begin PBXFileReference section */
		CD3105051E393C2800264C5B /* Btree */ = {isa = PBXFileReference; explicitFileType = "compiled.mach-o.executable"; includeInIndex = 0; path = Btree; sourceTree = BUILT_PRODUCTS_DIR; };
		CD3105081E393C2800264C5B /* main.cpp */ = {isa = PBXFileReference; lastKnownFileType = sourcecode.cpp.cpp; path = main.cpp; sourceTree = "<group>"; };
		CD31050F1E393D1900264C5B /* LeafNode.h */ = {isa = PBXFileReference; fileEncoding = 4; lastKnownFileType = sourcecode.c.h; path = LeafNode.h; sourceTree = "<group>"; };
		CD3105101E393D1900264C5B /* LeafNode.cpp */ = {isa = PBXFileReference; fileEncoding = 4; lastKnownFileType = sourcecode.cpp.cpp; path = LeafNode.cpp; sourceTree = "<group>"; };
		CD3105111E393D1900264C5B /* InternalNode.h */ = {isa = PBXFileReference; fileEncoding = 4; lastKnownFileType = sourcecode.c.h; path = InternalNode.h; sourceTree = "<group>"; };
		CD3105121E393D1900264C5B /* InternalNode.cpp */ = {isa = PBXFileReference; fileEncoding = 4; lastKnownFileType = sourcecode.cpp.cpp; path = InternalNode.cpp; sourceTree = "<group>"; };
		CD3105131E393D1900264C5B /* dsexceptions.h */ = {isa = PBXFileReference; fileEncoding = 4; lastKnownFileType = sourcecode.c.h; path = dsexceptions.h; sourceTree = "<group>"; };
		CD3105141E393D1900264C5B /* BTreeNode.h */ = {isa = PBXFileReference; fileEncoding = 4; lastKnownFileType = sourcecode.c.h; path = BTreeNode.h; sourceTree = "<group>"; };
		CD3105151E393D1900264C5B /* BTreeNode.cpp */ = {isa = PBXFileReference; fileEncoding = 4; lastKnownFileType = sourcecode.cpp.cpp; path = BTreeNode.cpp; sourceTree = "<group>"; };
		CD3105171E393D1900264C5B /* BTree.h */ = {isa = PBXFileReference; fileEncoding = 4; lastKnownFileType = sourcecode.c.h; path = BTree.h; sourceTree = "<group>"; };
		CD3105181E393D1900264C5B /* BTree.cpp */ = {isa = PBXFileReference; fileEncoding = 4; lastKnownFileType = sourcecode.cpp.cpp; path = BTree.cpp; sourceTree = "<group>"; };
/* End PBXFileReference section */

/* Begin PBXFrameworksBuildPhase section */
		CD3105021E393C2800264C5B /* Frameworks */ = {
			isa = PBXFrameworksBuildPhase;
			buildActionMask = 2147483647;
			files = (
			);
			runOnlyForDeploymentPostprocessing = 0;
		};
/* End PBXFrameworksBuildPhase section */

/* Begin PBXGroup section */
		CD3104FC1E393C2800264C5B = {
			isa = PBXGroup;
			children = (
				CD3105071E393C2800264C5B /* Btree */,
				CD3105061E393C2800264C5B /* Products */,
			);
			sourceTree = "<group>";
		};
		CD3105061E393C2800264C5B /* Products */ = {
			isa = PBXGroup;
			children = (
				CD3105051E393C2800264C5B /* Btree */,
			);
			name = Products;
			sourceTree = "<group>";
		};
		CD3105071E393C2800264C5B /* Btree */ = {
			isa = PBXGroup;
			children = (
				CD3105081E393C2800264C5B /* main.cpp */,
				CD31050F1E393D1900264C5B /* LeafNode.h */,
				CD3105101E393D1900264C5B /* LeafNode.cpp */,
				CD3105111E393D1900264C5B /* InternalNode.h */,
				CD3105121E393D1900264C5B /* InternalNode.cpp */,
				CD3105131E393D1900264C5B /* dsexceptions.h */,
				CD3105141E393D1900264C5B /* BTreeNode.h */,
				CD3105151E393D1900264C5B /* BTreeNode.cpp */,
				CD3105171E393D1900264C5B /* BTree.h */,
				CD3105181E393D1900264C5B /* BTree.cpp */,
			);
			path = Btree;
			sourceTree = "<group>";
		};
/* End PBXGroup section */

/* Begin PBXNativeTarget section */
		CD3105041E393C2800264C5B /* Btree */ = {
			isa = PBXNativeTarget;
			buildConfigurationList = CD31050C1E393C2800264C5B /* Build configuration list for PBXNativeTarget "Btree" */;
			buildPhases = (
				CD3105011E393C2800264C5B /* Sources */,
				CD3105021E393C2800264C5B /* Frameworks */,
				CD3105031E393C2800264C5B /* CopyFiles */,
			);
			buildRules = (
			);
			dependencies = (
			);
			name = Btree;
			productName = Btree;
			productReference = CD3105051E393C2800264C5B /* Btree */;
			productType = "com.apple.product-type.tool";
		};
/* End PBXNativeTarget section */

/* Begin PBXProject section */
		CD3104FD1E393C2800264C5B /* Project object */ = {
			isa = PBXProject;
			attributes = {
				LastUpgradeCheck = 0820;
				ORGANIZATIONNAME = "Raj Patel";
				TargetAttributes = {
					CD3105041E393C2800264C5B = {
						CreatedOnToolsVersion = 8.2.1;
						ProvisioningStyle = Automatic;
					};
				};
			};
			buildConfigurationList = CD3105001E393C2800264C5B /* Build configuration list for PBXProject "Btree" */;
			compatibilityVersion = "Xcode 3.2";
			developmentRegion = English;
			hasScannedForEncodings = 0;
			knownRegions = (
				en,
			);
			mainGroup = CD3104FC1E393C2800264C5B;
			productRefGroup = CD3105061E393C2800264C5B /* Products */;
			projectDirPath = "";
			projectRoot = "";
			targets = (
				CD3105041E393C2800264C5B /* Btree */,
			);
		};
/* End PBXProject section */

/* Begin PBXSourcesBuildPhase section */
		CD3105011E393C2800264C5B /* Sources */ = {
			isa = PBXSourcesBuildPhase;
			buildActionMask = 2147483647;
			files = (
				CD31051A1E393D1900264C5B /* InternalNode.cpp in Sources */,
				CD3105091E393C2800264C5B /* main.cpp in Sources */,
				CD31051B1E393D1900264C5B /* BTreeNode.cpp in Sources */,
				CD3105191E393D1900264C5B /* LeafNode.cpp in Sources */,
				CD31051D1E393D1900264C5B /* BTree.cpp in Sources */,
			);
			runOnlyForDeploymentPostprocessing = 0;
		};
/* End PBXSourcesBuildPhase section */

/* Begin XCBuildConfiguration section */
		CD31050A1E393C2800264C5B /* Debug */ = {
			isa = XCBuildConfiguration;
			buildSettings = {
				ALWAYS_SEARCH_USER_PATHS = NO;
				CLANG_ANALYZER_NONNULL = YES;
				CLANG_CXX_LANGUAGE_STANDARD = "gnu++0x";
				CLANG_CXX_LIBRARY = "libc++";
				CLANG_ENABLE_MODULES = YES;
				CLANG_ENABLE_OBJC_ARC = YES;
				CLANG_WARN_BOOL_CONVERSION = YES;
				CLANG_WARN_CONSTANT_CONVERSION = YES;
				CLANG_WARN_DIRECT_OBJC_ISA_USAGE = YES_ERROR;
				CLANG_WARN_DOCUMENTATION_COMMENTS = YES;
				CLANG_WARN_EMPTY_BODY = YES;
				CLANG_WARN_ENUM_CONVERSION = YES;
				CLANG_WARN_INFINITE_RECURSION = YES;
				CLANG_WARN_INT_CONVERSION = YES;
				CLANG_WARN_OBJC_ROOT_CLASS = YES_ERROR;
				CLANG_WARN_SUSPICIOUS_MOVE = YES;
				CLANG_WARN_UNREACHABLE_CODE = YES;
				CLANG_WARN__DUPLICATE_METHOD_MATCH = YES;
				CODE_SIGN_IDENTITY = "-";
				COPY_PHASE_STRIP = NO;
				DEBUG_INFORMATION_FORMAT = dwarf;
				ENABLE_STRICT_OBJC_MSGSEND = YES;
				ENABLE_TESTABILITY = YES;
				GCC_C_LANGUAGE_STANDARD = gnu99;
				GCC_DYNAMIC_NO_PIC = NO;
				GCC_NO_COMMON_BLOCKS = YES;
				GCC_OPTIMIZATION_LEVEL = 0;
				GCC_PREPROCESSOR_DEFINITIONS = (
					"DEBUG=1",
					"$(inherited)",
				);
				GCC_WARN_64_TO_32_BIT_CONVERSION = YES;
				GCC_WARN_ABOUT_RETURN_TYPE = YES_ERROR;
				GCC_WARN_UNDECLARED_SELECTOR = YES;
				GCC_WARN_UNINITIALIZED_AUTOS = YES_AGGRESSIVE;
				GCC_WARN_UNUSED_FUNCTION = YES;
				GCC_WARN_UNUSED_VARIABLE = YES;
				MACOSX_DEPLOYMENT_TARGET = 10.12;
				MTL_ENABLE_DEBUG_INFO = YES;
				ONLY_ACTIVE_ARCH = YES;
				SDKROOT = macosx;
			};
			name = Debug;
		};
		CD31050B1E393C2800264C5B /* Release */ = {
			isa = XCBuildConfiguration;
			buildSettings = {
				ALWAYS_SEARCH_USER_PATHS = NO;
				CLANG_ANALYZER_NONNULL = YES;
				CLANG_CXX_LANGUAGE_STANDARD = "gnu++0x";
				CLANG_CXX_LIBRARY = "libc++";
				CLANG_ENABLE_MODULES = YES;
				CLANG_ENABLE_OBJC_ARC = YES;
				CLANG_WARN_BOOL_CONVERSION = YES;
				CLANG_WARN_CONSTANT_CONVERSION = YES;
				CLANG_WARN_DIRECT_OBJC_ISA_USAGE = YES_ERROR;
				CLANG_WARN_DOCUMENTATION_COMMENTS = YES;
				CLANG_WARN_EMPTY_BODY = YES;
				CLANG_WARN_ENUM_CONVERSION = YES;
				CLANG_WARN_INFINITE_RECURSION = YES;
				CLANG_WARN_INT_CONVERSION = YES;
				CLANG_WARN_OBJC_ROOT_CLASS = YES_ERROR;
				CLANG_WARN_SUSPICIOUS_MOVE = YES;
				CLANG_WARN_UNREACHABLE_CODE = YES;
				CLANG_WARN__DUPLICATE_METHOD_MATCH = YES;
				CODE_SIGN_IDENTITY = "-";
				COPY_PHASE_STRIP = NO;
				DEBUG_INFORMATION_FORMAT = "dwarf-with-dsym";
				ENABLE_NS_ASSERTIONS = NO;
				ENABLE_STRICT_OBJC_MSGSEND = YES;
				GCC_C_LANGUAGE_STANDARD = gnu99;
				GCC_NO_COMMON_BLOCKS = YES;
				GCC_WARN_64_TO_32_BIT_CONVERSION = YES;
				GCC_WARN_ABOUT_RETURN_TYPE = YES_ERROR;
				GCC_WARN_UNDECLARED_SELECTOR = YES;
				GCC_WARN_UNINITIALIZED_AUTOS = YES_AGGRESSIVE;
				GCC_WARN_UNUSED_FUNCTION = YES;
				GCC_WARN_UNUSED_VARIABLE = YES;
				MACOSX_DEPLOYMENT_TARGET = 10.12;
				MTL_ENABLE_DEBUG_INFO = NO;
				SDKROOT = macosx;
			};
			name = Release;
		};
		CD31050D1E393C2800264C5B /* Debug */ = {
			isa = XCBuildConfiguration;
			buildSettings = {
				PRODUCT_NAME = "$(TARGET_NAME)";
			};
			name = Debug;
		};
		CD31050E1E393C2800264C5B /* Release */ = {
			isa = XCBuildConfiguration;
			buildSettings = {
				PRODUCT_NAME = "$(TARGET_NAME)";
			};
			name = Release;
		};
/* End XCBuildConfiguration section */

/* Begin XCConfigurationList section */
		CD3105001E393C2800264C5B /* Build configuration list for PBXProject "Btree" */ = {
			isa = XCConfigurationList;
			buildConfigurations = (
				CD31050A1E393C2800264C5B /* Debug */,
				CD31050B1E393C2800264C5B /* Release */,
			);
			defaultConfigurationIsVisible = 0;
			defaultConfigurationName = Release;
		};
		CD31050C1E393C2800264C5B /* Build configuration list for PBXNativeTarget "Btree" */ = {
			isa = XCConfigurationList;
			buildConfigurations = (
				CD31050D1E393C2800264C5B /* Debug */,
				CD31050E1E393C2800264C5B /* Release */,
			);
			defaultConfigurationIsVisible = 0;
		};
/* End XCConfigurationList section */
	};
	rootObject = CD3104FD1E393C2800264C5B /* Project object */;
}
